
Microsoft Visual Studio Solution File, Format Version 12.00
# Visual Studio Version 17
VisualStudioVersion = 17.3.32901.215
MinimumVisualStudioVersion = 10.0.40219.1
Project("{FAE04EC0-301F-11D3-BF4B-00C04F79EFBC}") = "5.2", "5.2\5.2.csproj", "{CCF63E5B-7163-4A83-A619-21F091DE55E2}"
EndProject
Global
	GlobalSection(SolutionConfigurationPlatforms) = preSolution
		Debug|Any CPU = Debug|Any CPU
		Release|Any CPU = Release|Any CPU
	EndGlobalSection
	GlobalSection(ProjectConfigurationPlatforms) = postSolution
		{CCF63E5B-7163-4A83-A619-21F091DE55E2}.Debug|Any CPU.ActiveCfg = Debug|Any CPU
		{CCF63E5B-7163-4A83-A619-21F091DE55E2}.Debug|Any CPU.Build.0 = Debug|Any CPU
		{CCF63E5B-7163-4A83-A619-21F091DE55E2}.Release|Any CPU.ActiveCfg = Release|Any CPU
		{CCF63E5B-7163-4A83-A619-21F091DE55E2}.Release|Any CPU.Build.0 = Release|Any CPU
	EndGlobalSection
	GlobalSection(SolutionProperties) = preSolution
		HideSolutionNode = FALSE
	EndGlobalSection
	GlobalSection(ExtensibilityGlobals) = postSolution
		SolutionGuid = {9FE04F30-BB0A-4FCA-AF94-5BBA6605501F}
	EndGlobalSection
EndGlobal
